PODS:
  - Alamofire (3.2.0)
  - JGProgressHUD (1.3.1)
  - Kanna (1.0.4)
  - MJRefresh (3.1.0)
  - SDWebImage (3.7.5):
    - SDWebImage/Core (= 3.7.5)
  - SDWebImage/Core (3.7.5)

DEPENDENCIES:
  - Alamofire
  - JGProgressHUD
  - Kanna
  - MJRefresh
  - SDWebImage

SPEC CHECKSUMS:
  Alamofire: 4da478599fccddff361205c8929333d7fe18dceb
  JGProgressHUD: 153053a21d81208cb5f659691996bcefce6a9885
  Kanna: 537762df5e2203714769f8351340b3c724adb2bd
  MJRefresh: 743e6404967d1c2c688472ea3ecfde247d872db4
  SDWebImage: 69c6303e3348fba97e03f65d65d4fbc26740f461

COCOAPODS: 0.39.0
